
Microsoft Visual Studio Solution File, Format Version 12.00
# Visual Studio Version 16
VisualStudioVersion = 16.0.32106.194
MinimumVisualStudioVersion = 10.0.40219.1
Project("{8BC9CEB8-8B4A-11D0-8D11-00A0C91BC942}") = "SudokuSolver", "SudokuSolver\SudokuSolver.vcxproj", "{202981FE-969A-4636-B8BA-B2E9B3896917}"
EndProject
Global
	GlobalSection(SolutionConfigurationPlatforms) = preSolution
		Debug|x64 = Debug|x64
		Debug|x86 = Debug|x86
		Release|x64 = Release|x64
		Release|x86 = Release|x86
	EndGlobalSection
	GlobalSection(ProjectConfigurationPlatforms) = postSolution
		{202981FE-969A-4636-B8BA-B2E9B3896917}.Debug|x64.ActiveCfg = Debug|x64
		{202981FE-969A-4636-B8BA-B2E9B3896917}.Debug|x64.Build.0 = Debug|x64
		{202981FE-969A-4636-B8BA-B2E9B3896917}.Debug|x86.ActiveCfg = Debug|Win32
		{202981FE-969A-4636-B8BA-B2E9B3896917}.Debug|x86.Build.0 = Debug|Win32
		{202981FE-969A-4636-B8BA-B2E9B3896917}.Release|x64.ActiveCfg = Release|x64
		{202981FE-969A-4636-B8BA-B2E9B3896917}.Release|x64.Build.0 = Release|x64
		{202981FE-969A-4636-B8BA-B2E9B3896917}.Release|x86.ActiveCfg = Release|Win32
		{202981FE-969A-4636-B8BA-B2E9B3896917}.Release|x86.Build.0 = Release|Win32
	EndGlobalSection
	GlobalSection(SolutionProperties) = preSolution
		HideSolutionNode = FALSE
	EndGlobalSection
	GlobalSection(ExtensibilityGlobals) = postSolution
		SolutionGuid = {3ADC88E2-05D2-4989-8CF0-F1BA8796B12E}
	EndGlobalSection
EndGlobal
